dependencies:
  espressif/esp_lvgl_port:
    component_hash: 11100917e7bc3166b56c6519b61d63b623db9abc8470e5d20439b3b2492477df
    source:
      service_url: https://api.components.espressif.com/
      type: service
    version: 1.3.0
  idf:
    component_hash: null
    source:
      type: idf
    version: 5.1.1
  joltwallet/littlefs:
    component_hash: 4943c7f0932795ef722fa5d846a3bbf52467d87c01fdab054d3161853bb5f275
    source:
      service_url: https://api.components.espressif.com/
      type: service
    version: 1.10.2
  lvgl/lvgl:
    component_hash: 51022b16bce6ee90f54a8bd21cd6d497d886916899b577b1bebb9125b91e23fc
    source:
      service_url: https://api.components.espressif.com/
      type: service
    version: 8.3.10
manifest_hash: b0e8acbfff6575e1ad811923bffa64d5a38c8aa283891ca2a5762f936c35b37d
target: esp32s3
version: 1.0.0
